// !$*UTF8*$!
{
	archiveVersion = 1;
	classes = {
	};
	objectVersion = 56;
	objects = {

/* Begin PBXBuildFile section */
		DC54EDE82C4BE0AE007861E7 /* NsfwView.swift in Sources */ = {isa = PBXBuildFile; fileRef = DC54EDE72C4BE0AE007861E7 /* NsfwView.swift */; };
		DC54EDEA2C4BE261007861E7 /* ContentView-ViewModel.swift in Sources */ = {isa = PBXBuildFile; fileRef = DC54EDE92C4BE261007861E7 /* ContentView-ViewModel.swift */; };
		DCD73C7C2C4BAF6700678CEB /* i2chApp.swift in Sources */ = {isa = PBXBuildFile; fileRef = DCD73C7B2C4BAF6700678CEB /* i2chApp.swift */; };
		DCD73C7E2C4BAF6700678CEB /* ContentView.swift in Sources */ = {isa = PBXBuildFile; fileRef = DCD73C7D2C4BAF6700678CEB /* ContentView.swift */; };
		DCD73C802C4BAF6C00678CEB /* Assets.xcassets in Resources */ = {isa = PBXBuildFile; fileRef = DCD73C7F2C4BAF6C00678CEB /* Assets.xcassets */; };
		DCD73C832C4BAF6C00678CEB /* Preview Assets.xcassets in Resources */ = {isa = PBXBuildFile; fileRef = DCD73C822C4BAF6C00678CEB /* Preview Assets.xcassets */; };
		DCD73C8A2C4BB04B00678CEB /* BoardList-Model.swift in Sources */ = {isa = PBXBuildFile; fileRef = DCD73C892C4BB04B00678CEB /* BoardList-Model.swift */; };
		DCEEEDD22C4BE715002085D8 /* BoardView.swift in Sources */ = {isa = PBXBuildFile; fileRef = DCEEEDD12C4BE715002085D8 /* BoardView.swift */; };
		DCEEEDD42C4BEFA6002085D8 /* NetworkManager.swift in Sources */ = {isa = PBXBuildFile; fileRef = DCEEEDD32C4BEFA6002085D8 /* NetworkManager.swift */; };
		DCEEEDD62C4BF24E002085D8 /* Board-Model.swift in Sources */ = {isa = PBXBuildFile; fileRef = DCEEEDD52C4BF24E002085D8 /* Board-Model.swift */; };
/* End PBXBuildFile section */

/* Begin PBXFileReference section */
		DC54EDE72C4BE0AE007861E7 /* NsfwView.swift */ = {isa = PBXFileReference; lastKnownFileType = sourcecode.swift; path = NsfwView.swift; sourceTree = "<group>"; };
		DC54EDE92C4BE261007861E7 /* ContentView-ViewModel.swift */ = {isa = PBXFileReference; lastKnownFileType = sourcecode.swift; path = "ContentView-ViewModel.swift"; sourceTree = "<group>"; };
		DCD73C782C4BAF6700678CEB /* i2ch.app */ = {isa = PBXFileReference; explicitFileType = wrapper.application; includeInIndex = 0; path = i2ch.app; sourceTree = BUILT_PRODUCTS_DIR; };
		DCD73C7B2C4BAF6700678CEB /* i2chApp.swift */ = {isa = PBXFileReference; lastKnownFileType = sourcecode.swift; path = i2chApp.swift; sourceTree = "<group>"; };
		DCD73C7D2C4BAF6700678CEB /* ContentView.swift */ = {isa = PBXFileReference; lastKnownFileType = sourcecode.swift; path = ContentView.swift; sourceTree = "<group>"; };
		DCD73C7F2C4BAF6C00678CEB /* Assets.xcassets */ = {isa = PBXFileReference; lastKnownFileType = folder.assetcatalog; path = Assets.xcassets; sourceTree = "<group>"; };
		DCD73C822C4BAF6C00678CEB /* Preview Assets.xcassets */ = {isa = PBXFileReference; lastKnownFileType = folder.assetcatalog; path = "Preview Assets.xcassets"; sourceTree = "<group>"; };
		DCD73C892C4BB04B00678CEB /* BoardList-Model.swift */ = {isa = PBXFileReference; lastKnownFileType = sourcecode.swift; path = "BoardList-Model.swift"; sourceTree = "<group>"; };
		DCEEEDD12C4BE715002085D8 /* BoardView.swift */ = {isa = PBXFileReference; lastKnownFileType = sourcecode.swift; path = BoardView.swift; sourceTree = "<group>"; };
		DCEEEDD32C4BEFA6002085D8 /* NetworkManager.swift */ = {isa = PBXFileReference; lastKnownFileType = sourcecode.swift; path = NetworkManager.swift; sourceTree = "<group>"; };
		DCEEEDD52C4BF24E002085D8 /* Board-Model.swift */ = {isa = PBXFileReference; lastKnownFileType = sourcecode.swift; path = "Board-Model.swift"; sourceTree = "<group>"; };
/* End PBXFileReference section */

/* Begin PBXFrameworksBuildPhase section */
		DCD73C752C4BAF6700678CEB /* Frameworks */ = {
			isa = PBXFrameworksBuildPhase;
			buildActionMask = 2147483647;
			files = (
			);
			runOnlyForDeploymentPostprocessing = 0;
		};
/* End PBXFrameworksBuildPhase section */

/* Begin PBXGroup section */
		DCD73C6F2C4BAF6700678CEB = {
			isa = PBXGroup;
			children = (
				DCD73C7A2C4BAF6700678CEB /* i2ch */,
				DCD73C792C4BAF6700678CEB /* Products */,
			);
			sourceTree = "<group>";
		};
		DCD73C792C4BAF6700678CEB /* Products */ = {
			isa = PBXGroup;
			children = (
				DCD73C782C4BAF6700678CEB /* i2ch.app */,
			);
			name = Products;
			sourceTree = "<group>";
		};
		DCD73C7A2C4BAF6700678CEB /* i2ch */ = {
			isa = PBXGroup;
			children = (
				DCEEEDD32C4BEFA6002085D8 /* NetworkManager.swift */,
				DCD73C7B2C4BAF6700678CEB /* i2chApp.swift */,
				DCD73C8B2C4BDEA700678CEB /* Model */,
				DCD73C8D2C4BDED300678CEB /* ViewModel */,
				DCD73C8C2C4BDEBB00678CEB /* View */,
				DCD73C7F2C4BAF6C00678CEB /* Assets.xcassets */,
				DCD73C812C4BAF6C00678CEB /* Preview Content */,
			);
			path = i2ch;
			sourceTree = "<group>";
		};
		DCD73C812C4BAF6C00678CEB /* Preview Content */ = {
			isa = PBXGroup;
			children = (
				DCD73C822C4BAF6C00678CEB /* Preview Assets.xcassets */,
			);
			path = "Preview Content";
			sourceTree = "<group>";
		};
		DCD73C8B2C4BDEA700678CEB /* Model */ = {
			isa = PBXGroup;
			children = (
				DCD73C892C4BB04B00678CEB /* BoardList-Model.swift */,
				DCEEEDD52C4BF24E002085D8 /* Board-Model.swift */,
			);
			path = Model;
			sourceTree = "<group>";
		};
		DCD73C8C2C4BDEBB00678CEB /* View */ = {
			isa = PBXGroup;
			children = (
				DCD73C7D2C4BAF6700678CEB /* ContentView.swift */,
				DCEEEDD12C4BE715002085D8 /* BoardView.swift */,
				DC54EDE72C4BE0AE007861E7 /* NsfwView.swift */,
			);
			path = View;
			sourceTree = "<group>";
		};
		DCD73C8D2C4BDED300678CEB /* ViewModel */ = {
			isa = PBXGroup;
			children = (
				DC54EDE92C4BE261007861E7 /* ContentView-ViewModel.swift */,
			);
			path = ViewModel;
			sourceTree = "<group>";
		};
/* End PBXGroup section */

/* Begin PBXNativeTarget section */
		DCD73C772C4BAF6700678CEB /* i2ch */ = {
			isa = PBXNativeTarget;
			buildConfigurationList = DCD73C862C4BAF6C00678CEB /* Build configuration list for PBXNativeTarget "i2ch" */;
			buildPhases = (
				DCD73C742C4BAF6700678CEB /* Sources */,
				DCD73C752C4BAF6700678CEB /* Frameworks */,
				DCD73C762C4BAF6700678CEB /* Resources */,
			);
			buildRules = (
			);
			dependencies = (
			);
			name = i2ch;
			productName = i2ch;
			productReference = DCD73C782C4BAF6700678CEB /* i2ch.app */;
			productType = "com.apple.product-type.application";
		};
/* End PBXNativeTarget section */

/* Begin PBXProject section */
		DCD73C702C4BAF6700678CEB /* Project object */ = {
			isa = PBXProject;
			attributes = {
				BuildIndependentTargetsInParallel = 1;
				LastSwiftUpdateCheck = 1540;
				LastUpgradeCheck = 1540;
				TargetAttributes = {
					DCD73C772C4BAF6700678CEB = {
						CreatedOnToolsVersion = 15.4;
					};
				};
			};
			buildConfigurationList = DCD73C732C4BAF6700678CEB /* Build configuration list for PBXProject "i2ch" */;
			compatibilityVersion = "Xcode 14.0";
			developmentRegion = en;
			hasScannedForEncodings = 0;
			knownRegions = (
				en,
				Base,
			);
			mainGroup = DCD73C6F2C4BAF6700678CEB;
			productRefGroup = DCD73C792C4BAF6700678CEB /* Products */;
			projectDirPath = "";
			projectRoot = "";
			targets = (
				DCD73C772C4BAF6700678CEB /* i2ch */,
			);
		};
/* End PBXProject section */

/* Begin PBXResourcesBuildPhase section */
		DCD73C762C4BAF6700678CEB /* Resources */ = {
			isa = PBXResourcesBuildPhase;
			buildActionMask = 2147483647;
			files = (
				DCD73C832C4BAF6C00678CEB /* Preview Assets.xcassets in Resources */,
				DCD73C802C4BAF6C00678CEB /* Assets.xcassets in Resources */,
			);
			runOnlyForDeploymentPostprocessing = 0;
		};
/* End PBXResourcesBuildPhase section */

/* Begin PBXSourcesBuildPhase section */
		DCD73C742C4BAF6700678CEB /* Sources */ = {
			isa = PBXSourcesBuildPhase;
			buildActionMask = 2147483647;
			files = (
				DCD73C8A2C4BB04B00678CEB /* BoardList-Model.swift in Sources */,
				DCD73C7E2C4BAF6700678CEB /* ContentView.swift in Sources */,
				DC54EDEA2C4BE261007861E7 /* ContentView-ViewModel.swift in Sources */,
				DCEEEDD42C4BEFA6002085D8 /* NetworkManager.swift in Sources */,
				DCEEEDD22C4BE715002085D8 /* BoardView.swift in Sources */,
				DC54EDE82C4BE0AE007861E7 /* NsfwView.swift in Sources */,
				DCEEEDD62C4BF24E002085D8 /* Board-Model.swift in Sources */,
				DCD73C7C2C4BAF6700678CEB /* i2chApp.swift in Sources */,
			);
			runOnlyForDeploymentPostprocessing = 0;
		};
/* End PBXSourcesBuildPhase section */

/* Begin XCBuildConfiguration section */
		DCD73C842C4BAF6C00678CEB /* Debug */ = {
			isa = XCBuildConfiguration;
			buildSettings = {
				ALWAYS_SEARCH_USER_PATHS = NO;
				ASSETCATALOG_COMPILER_GENERATE_SWIFT_ASSET_SYMBOL_EXTENSIONS = YES;
				CLANG_ANALYZER_NONNULL = YES;
				CLANG_ANALYZER_NUMBER_OBJECT_CONVERSION = YES_AGGRESSIVE;
				CLANG_CXX_LANGUAGE_STANDARD = "gnu++20";
				CLANG_ENABLE_MODULES = YES;
				CLANG_ENABLE_OBJC_ARC = YES;
				CLANG_ENABLE_OBJC_WEAK = YES;
				CLANG_WARN_BLOCK_CAPTURE_AUTORELEASING = YES;
				CLANG_WARN_BOOL_CONVERSION = YES;
				CLANG_WARN_COMMA = YES;
				CLANG_WARN_CONSTANT_CONVERSION = YES;
				CLANG_WARN_DEPRECATED_OBJC_IMPLEMENTATIONS = YES;
				CLANG_WARN_DIRECT_OBJC_ISA_USAGE = YES_ERROR;
				CLANG_WARN_DOCUMENTATION_COMMENTS = YES;
				CLANG_WARN_EMPTY_BODY = YES;
				CLANG_WARN_ENUM_CONVERSION = YES;
				CLANG_WARN_INFINITE_RECURSION = YES;
				CLANG_WARN_INT_CONVERSION = YES;
				CLANG_WARN_NON_LITERAL_NULL_CONVERSION = YES;
				CLANG_WARN_OBJC_IMPLICIT_RETAIN_SELF = YES;
				CLANG_WARN_OBJC_LITERAL_CONVERSION = YES;
				CLANG_WARN_OBJC_ROOT_CLASS = YES_ERROR;
				CLANG_WARN_QUOTED_INCLUDE_IN_FRAMEWORK_HEADER = YES;
				CLANG_WARN_RANGE_LOOP_ANALYSIS = YES;
				CLANG_WARN_STRICT_PROTOTYPES = YES;
				CLANG_WARN_SUSPICIOUS_MOVE = YES;
				CLANG_WARN_UNGUARDED_AVAILABILITY = YES_AGGRESSIVE;
				CLANG_WARN_UNREACHABLE_CODE = YES;
				CLANG_WARN__DUPLICATE_METHOD_MATCH = YES;
				COPY_PHASE_STRIP = NO;
				DEBUG_INFORMATION_FORMAT = dwarf;
				ENABLE_STRICT_OBJC_MSGSEND = YES;
				ENABLE_TESTABILITY = YES;
				ENABLE_USER_SCRIPT_SANDBOXING = YES;
				GCC_C_LANGUAGE_STANDARD = gnu17;
				GCC_DYNAMIC_NO_PIC = NO;
				GCC_NO_COMMON_BLOCKS = YES;
				GCC_OPTIMIZATION_LEVEL = 0;
				GCC_PREPROCESSOR_DEFINITIONS = (
					"DEBUG=1",
					"$(inherited)",
				);
				GCC_WARN_64_TO_32_BIT_CONVERSION = YES;
				GCC_WARN_ABOUT_RETURN_TYPE = YES_ERROR;
				GCC_WARN_UNDECLARED_SELECTOR = YES;
				GCC_WARN_UNINITIALIZED_AUTOS = YES_AGGRESSIVE;
				GCC_WARN_UNUSED_FUNCTION = YES;
				GCC_WARN_UNUSED_VARIABLE = YES;
				IPHONEOS_DEPLOYMENT_TARGET = 17.5;
				LOCALIZATION_PREFERS_STRING_CATALOGS = YES;
				MTL_ENABLE_DEBUG_INFO = INCLUDE_SOURCE;
				MTL_FAST_MATH = YES;
				ONLY_ACTIVE_ARCH = YES;
				SDKROOT = iphoneos;
				SWIFT_ACTIVE_COMPILATION_CONDITIONS = "DEBUG $(inherited)";
				SWIFT_OPTIMIZATION_LEVEL = "-Onone";
			};
			name = Debug;
		};
		DCD73C852C4BAF6C00678CEB /* Release */ = {
			isa = XCBuildConfiguration;
			buildSettings = {
				ALWAYS_SEARCH_USER_PATHS = NO;
				ASSETCATALOG_COMPILER_GENERATE_SWIFT_ASSET_SYMBOL_EXTENSIONS = YES;
				CLANG_ANALYZER_NONNULL = YES;
				CLANG_ANALYZER_NUMBER_OBJECT_CONVERSION = YES_AGGRESSIVE;
				CLANG_CXX_LANGUAGE_STANDARD = "gnu++20";
				CLANG_ENABLE_MODULES = YES;
				CLANG_ENABLE_OBJC_ARC = YES;
				CLANG_ENABLE_OBJC_WEAK = YES;
				CLANG_WARN_BLOCK_CAPTURE_AUTORELEASING = YES;
				CLANG_WARN_BOOL_CONVERSION = YES;
				CLANG_WARN_COMMA = YES;
				CLANG_WARN_CONSTANT_CONVERSION = YES;
				CLANG_WARN_DEPRECATED_OBJC_IMPLEMENTATIONS = YES;
				CLANG_WARN_DIRECT_OBJC_ISA_USAGE = YES_ERROR;
				CLANG_WARN_DOCUMENTATION_COMMENTS = YES;
				CLANG_WARN_EMPTY_BODY = YES;
				CLANG_WARN_ENUM_CONVERSION = YES;
				CLANG_WARN_INFINITE_RECURSION = YES;
				CLANG_WARN_INT_CONVERSION = YES;
				CLANG_WARN_NON_LITERAL_NULL_CONVERSION = YES;
				CLANG_WARN_OBJC_IMPLICIT_RETAIN_SELF = YES;
				CLANG_WARN_OBJC_LITERAL_CONVERSION = YES;
				CLANG_WARN_OBJC_ROOT_CLASS = YES_ERROR;
				CLANG_WARN_QUOTED_INCLUDE_IN_FRAMEWORK_HEADER = YES;
				CLANG_WARN_RANGE_LOOP_ANALYSIS = YES;
				CLANG_WARN_STRICT_PROTOTYPES = YES;
				CLANG_WARN_SUSPICIOUS_MOVE = YES;
				CLANG_WARN_UNGUARDED_AVAILABILITY = YES_AGGRESSIVE;
				CLANG_WARN_UNREACHABLE_CODE = YES;
				CLANG_WARN__DUPLICATE_METHOD_MATCH = YES;
				COPY_PHASE_STRIP = NO;
				DEBUG_INFORMATION_FORMAT = "dwarf-with-dsym";
				ENABLE_NS_ASSERTIONS = NO;
				ENABLE_STRICT_OBJC_MSGSEND = YES;
				ENABLE_USER_SCRIPT_SANDBOXING = YES;
				GCC_C_LANGUAGE_STANDARD = gnu17;
				GCC_NO_COMMON_BLOCKS = YES;
				GCC_WARN_64_TO_32_BIT_CONVERSION = YES;
				GCC_WARN_ABOUT_RETURN_TYPE = YES_ERROR;
				GCC_WARN_UNDECLARED_SELECTOR = YES;
				GCC_WARN_UNINITIALIZED_AUTOS = YES_AGGRESSIVE;
				GCC_WARN_UNUSED_FUNCTION = YES;
				GCC_WARN_UNUSED_VARIABLE = YES;
				IPHONEOS_DEPLOYMENT_TARGET = 17.5;
				LOCALIZATION_PREFERS_STRING_CATALOGS = YES;
				MTL_ENABLE_DEBUG_INFO = NO;
				MTL_FAST_MATH = YES;
				SDKROOT = iphoneos;
				SWIFT_COMPILATION_MODE = wholemodule;
				VALIDATE_PRODUCT = YES;
			};
			name = Release;
		};
		DCD73C872C4BAF6C00678CEB /* Debug */ = {
			isa = XCBuildConfiguration;
			buildSettings = {
				ASSETCATALOG_COMPILER_APPICON_NAME = AppIcon;
				ASSETCATALOG_COMPILER_GLOBAL_ACCENT_COLOR_NAME = AccentColor;
				CODE_SIGN_STYLE = Automatic;
				CURRENT_PROJECT_VERSION = 1;
				DEVELOPMENT_ASSET_PATHS = "\"i2ch/Preview Content\"";
				DEVELOPMENT_TEAM = 5P5HZ4F34W;
				ENABLE_PREVIEWS = YES;
				GENERATE_INFOPLIST_FILE = YES;
				INFOPLIST_KEY_UIApplicationSceneManifest_Generation = YES;
				INFOPLIST_KEY_UIApplicationSupportsIndirectInputEvents = YES;
				INFOPLIST_KEY_UILaunchScreen_Generation = YES;
				INFOPLIST_KEY_UISupportedInterfaceOrientations_iPad = "UIInterfaceOrientationPortrait UIInterfaceOrientationPortraitUpsideDown UIInterfaceOrientationLandscapeLeft UIInterfaceOrientationLandscapeRight";
				INFOPLIST_KEY_UISupportedInterfaceOrientations_iPhone = "UIInterfaceOrientationPortrait UIInterfaceOrientationLandscapeLeft UIInterfaceOrientationLandscapeRight";
				LD_RUNPATH_SEARCH_PATHS = (
					"$(inherited)",
					"@executable_path/Frameworks",
				);
				MARKETING_VERSION = 1.0;
				PRODUCT_BUNDLE_IDENTIFIER = com.antonbaskakov.i2ch;
				PRODUCT_NAME = "$(TARGET_NAME)";
				SWIFT_EMIT_LOC_STRINGS = YES;
				SWIFT_VERSION = 5.0;
				TARGETED_DEVICE_FAMILY = "1,2";
			};
			name = Debug;
		};
		DCD73C882C4BAF6C00678CEB /* Release */ = {
			isa = XCBuildConfiguration;
			buildSettings = {
				ASSETCATALOG_COMPILER_APPICON_NAME = AppIcon;
				ASSETCATALOG_COMPILER_GLOBAL_ACCENT_COLOR_NAME = AccentColor;
				CODE_SIGN_STYLE = Automatic;
				CURRENT_PROJECT_VERSION = 1;
				DEVELOPMENT_ASSET_PATHS = "\"i2ch/Preview Content\"";
				DEVELOPMENT_TEAM = 5P5HZ4F34W;
				ENABLE_PREVIEWS = YES;
				GENERATE_INFOPLIST_FILE = YES;
				INFOPLIST_KEY_UIApplicationSceneManifest_Generation = YES;
				INFOPLIST_KEY_UIApplicationSupportsIndirectInputEvents = YES;
				INFOPLIST_KEY_UILaunchScreen_Generation = YES;
				INFOPLIST_KEY_UISupportedInterfaceOrientations_iPad = "UIInterfaceOrientationPortrait UIInterfaceOrientationPortraitUpsideDown UIInterfaceOrientationLandscapeLeft UIInterfaceOrientationLandscapeRight";
				INFOPLIST_KEY_UISupportedInterfaceOrientations_iPhone = "UIInterfaceOrientationPortrait UIInterfaceOrientationLandscapeLeft UIInterfaceOrientationLandscapeRight";
				LD_RUNPATH_SEARCH_PATHS = (
					"$(inherited)",
					"@executable_path/Frameworks",
				);
				MARKETING_VERSION = 1.0;
				PRODUCT_BUNDLE_IDENTIFIER = com.antonbaskakov.i2ch;
				PRODUCT_NAME = "$(TARGET_NAME)";
				SWIFT_EMIT_LOC_STRINGS = YES;
				SWIFT_VERSION = 5.0;
				TARGETED_DEVICE_FAMILY = "1,2";
			};
			name = Release;
		};
/* End XCBuildConfiguration section */

/* Begin XCConfigurationList section */
		DCD73C732C4BAF6700678CEB /* Build configuration list for PBXProject "i2ch" */ = {
			isa = XCConfigurationList;
			buildConfigurations = (
				DCD73C842C4BAF6C00678CEB /* Debug */,
				DCD73C852C4BAF6C00678CEB /* Release */,
			);
			defaultConfigurationIsVisible = 0;
			defaultConfigurationName = Release;
		};
		DCD73C862C4BAF6C00678CEB /* Build configuration list for PBXNativeTarget "i2ch" */ = {
			isa = XCConfigurationList;
			buildConfigurations = (
				DCD73C872C4BAF6C00678CEB /* Debug */,
				DCD73C882C4BAF6C00678CEB /* Release */,
			);
			defaultConfigurationIsVisible = 0;
			defaultConfigurationName = Release;
		};
/* End XCConfigurationList section */
	};
	rootObject = DCD73C702C4BAF6700678CEB /* Project object */;
}
